
Microsoft Visual Studio Solution File, Format Version 11.00
# Visual C++ Express 2010
Project("{8BC9CEB8-8B4A-11D0-8D11-00A0C91BC942}") = "GLToy", "GLToy\GLToy.vcxproj", "{D102268C-2C78-4954-99A9-433EF8F9182F}"
EndProject
Project("{8BC9CEB8-8B4A-11D0-8D11-00A0C91BC942}") = "FPSToy", "FPSToy\FPSToy.vcxproj", "{A75E7C31-BA9E-4903-A1F2-062A75317612}"
EndProject
Global
	GlobalSection(SolutionConfigurationPlatforms) = preSolution
		Debug (Havok)|Win32 = Debug (Havok)|Win32
		Final (Havok)|Win32 = Final (Havok)|Win32
		Release (Havok)|Win32 = Release (Havok)|Win32
	EndGlobalSection
	GlobalSection(ProjectConfigurationPlatforms) = postSolution
		{D102268C-2C78-4954-99A9-433EF8F9182F}.Debug (Havok)|Win32.ActiveCfg = Debug (Havok)|Win32
		{D102268C-2C78-4954-99A9-433EF8F9182F}.Debug (Havok)|Win32.Build.0 = Debug (Havok)|Win32
		{D102268C-2C78-4954-99A9-433EF8F9182F}.Final (Havok)|Win32.ActiveCfg = Final (Havok)|Win32
		{D102268C-2C78-4954-99A9-433EF8F9182F}.Final (Havok)|Win32.Build.0 = Final (Havok)|Win32
		{D102268C-2C78-4954-99A9-433EF8F9182F}.Release (Havok)|Win32.ActiveCfg = Release (Havok)|Win32
		{D102268C-2C78-4954-99A9-433EF8F9182F}.Release (Havok)|Win32.Build.0 = Release (Havok)|Win32
		{A75E7C31-BA9E-4903-A1F2-062A75317612}.Debug (Havok)|Win32.ActiveCfg = Debug (Havok)|Win32
		{A75E7C31-BA9E-4903-A1F2-062A75317612}.Debug (Havok)|Win32.Build.0 = Debug (Havok)|Win32
		{A75E7C31-BA9E-4903-A1F2-062A75317612}.Final (Havok)|Win32.ActiveCfg = Final (Havok)|Win32
		{A75E7C31-BA9E-4903-A1F2-062A75317612}.Final (Havok)|Win32.Build.0 = Final (Havok)|Win32
		{A75E7C31-BA9E-4903-A1F2-062A75317612}.Release (Havok)|Win32.ActiveCfg = Release (Havok)|Win32
		{A75E7C31-BA9E-4903-A1F2-062A75317612}.Release (Havok)|Win32.Build.0 = Release (Havok)|Win32
	EndGlobalSection
	GlobalSection(SolutionProperties) = preSolution
		HideSolutionNode = FALSE
	EndGlobalSection
EndGlobal
