
Microsoft Visual Studio Solution File, Format Version 11.00
# Visual C++ Express 2010
Project("{8BC9CEB8-8B4A-11D0-8D11-00A0C91BC942}") = "Editor", "Editor\Editor.vcxproj", "{2CEB9D8E-2BFF-442D-B29C-0D8DB36D958A}"
EndProject
Project("{8BC9CEB8-8B4A-11D0-8D11-00A0C91BC942}") = "FPSToy", "FPSToy\FPSToy.vcxproj", "{A75E7C31-BA9E-4903-A1F2-062A75317612}"
EndProject
Project("{8BC9CEB8-8B4A-11D0-8D11-00A0C91BC942}") = "CodeChecker", "CodeChecker\CodeChecker.vcxproj", "{1C0FDC04-2614-43C7-8A7B-F45A5E88E5B1}"
EndProject
Project("{8BC9CEB8-8B4A-11D0-8D11-00A0C91BC942}") = "JD1", "JDemo1\JD1.vcxproj", "{1D0829B7-1031-4C04-8D5B-1A48CEB165CB}"
EndProject
Project("{8BC9CEB8-8B4A-11D0-8D11-00A0C91BC942}") = "Empty", "Empty\Empty.vcxproj", "{451F6CAD-AF6B-479E-9321-C4DAE0F40260}"
EndProject
Project("{8BC9CEB8-8B4A-11D0-8D11-00A0C91BC942}") = "TestCube", "TestCube\TestCube.vcxproj", "{874C417E-0551-4F04-BAF7-451989BA5FB5}"
EndProject
Project("{8BC9CEB8-8B4A-11D0-8D11-00A0C91BC942}") = "FSDemo", "FSDemo\FSDemo.vcxproj", "{94DDE1E4-B409-4221-81E4-22D6E63646CC}"
EndProject
Global
	GlobalSection(SolutionConfigurationPlatforms) = preSolution
		Debug|Win32 = Debug|Win32
		Final|Win32 = Final|Win32
		Release|Win32 = Release|Win32
	EndGlobalSection
	GlobalSection(ProjectConfigurationPlatforms) = postSolution
		{2CEB9D8E-2BFF-442D-B29C-0D8DB36D958A}.Debug|Win32.ActiveCfg = Debug|Win32
		{2CEB9D8E-2BFF-442D-B29C-0D8DB36D958A}.Debug|Win32.Build.0 = Debug|Win32
		{2CEB9D8E-2BFF-442D-B29C-0D8DB36D958A}.Final|Win32.ActiveCfg = Final|Win32
		{2CEB9D8E-2BFF-442D-B29C-0D8DB36D958A}.Final|Win32.Build.0 = Final|Win32
		{2CEB9D8E-2BFF-442D-B29C-0D8DB36D958A}.Release|Win32.ActiveCfg = Release|Win32
		{2CEB9D8E-2BFF-442D-B29C-0D8DB36D958A}.Release|Win32.Build.0 = Release|Win32
		{A75E7C31-BA9E-4903-A1F2-062A75317612}.Debug|Win32.ActiveCfg = Debug|Win32
		{A75E7C31-BA9E-4903-A1F2-062A75317612}.Debug|Win32.Build.0 = Debug|Win32
		{A75E7C31-BA9E-4903-A1F2-062A75317612}.Final|Win32.ActiveCfg = Final|Win32
		{A75E7C31-BA9E-4903-A1F2-062A75317612}.Final|Win32.Build.0 = Final|Win32
		{A75E7C31-BA9E-4903-A1F2-062A75317612}.Release|Win32.ActiveCfg = Release|Win32
		{A75E7C31-BA9E-4903-A1F2-062A75317612}.Release|Win32.Build.0 = Release|Win32
		{1C0FDC04-2614-43C7-8A7B-F45A5E88E5B1}.Debug|Win32.ActiveCfg = Debug|Win32
		{1C0FDC04-2614-43C7-8A7B-F45A5E88E5B1}.Debug|Win32.Build.0 = Debug|Win32
		{1C0FDC04-2614-43C7-8A7B-F45A5E88E5B1}.Final|Win32.ActiveCfg = Release|Win32
		{1C0FDC04-2614-43C7-8A7B-F45A5E88E5B1}.Final|Win32.Build.0 = Release|Win32
		{1C0FDC04-2614-43C7-8A7B-F45A5E88E5B1}.Release|Win32.ActiveCfg = Release|Win32
		{1C0FDC04-2614-43C7-8A7B-F45A5E88E5B1}.Release|Win32.Build.0 = Release|Win32
		{1D0829B7-1031-4C04-8D5B-1A48CEB165CB}.Debug|Win32.ActiveCfg = Debug|Win32
		{1D0829B7-1031-4C04-8D5B-1A48CEB165CB}.Debug|Win32.Build.0 = Debug|Win32
		{1D0829B7-1031-4C04-8D5B-1A48CEB165CB}.Final|Win32.ActiveCfg = Final|Win32
		{1D0829B7-1031-4C04-8D5B-1A48CEB165CB}.Final|Win32.Build.0 = Final|Win32
		{1D0829B7-1031-4C04-8D5B-1A48CEB165CB}.Release|Win32.ActiveCfg = Release|Win32
		{1D0829B7-1031-4C04-8D5B-1A48CEB165CB}.Release|Win32.Build.0 = Release|Win32
		{451F6CAD-AF6B-479E-9321-C4DAE0F40260}.Debug|Win32.ActiveCfg = Debug|Win32
		{451F6CAD-AF6B-479E-9321-C4DAE0F40260}.Debug|Win32.Build.0 = Debug|Win32
		{451F6CAD-AF6B-479E-9321-C4DAE0F40260}.Final|Win32.ActiveCfg = Release|Win32
		{451F6CAD-AF6B-479E-9321-C4DAE0F40260}.Final|Win32.Build.0 = Release|Win32
		{451F6CAD-AF6B-479E-9321-C4DAE0F40260}.Release|Win32.ActiveCfg = Release|Win32
		{451F6CAD-AF6B-479E-9321-C4DAE0F40260}.Release|Win32.Build.0 = Release|Win32
		{874C417E-0551-4F04-BAF7-451989BA5FB5}.Debug|Win32.ActiveCfg = Debug|Win32
		{874C417E-0551-4F04-BAF7-451989BA5FB5}.Debug|Win32.Build.0 = Debug|Win32
		{874C417E-0551-4F04-BAF7-451989BA5FB5}.Final|Win32.ActiveCfg = Release|Win32
		{874C417E-0551-4F04-BAF7-451989BA5FB5}.Final|Win32.Build.0 = Release|Win32
		{874C417E-0551-4F04-BAF7-451989BA5FB5}.Release|Win32.ActiveCfg = Release|Win32
		{874C417E-0551-4F04-BAF7-451989BA5FB5}.Release|Win32.Build.0 = Release|Win32
		{94DDE1E4-B409-4221-81E4-22D6E63646CC}.Debug|Win32.ActiveCfg = Debug|Win32
		{94DDE1E4-B409-4221-81E4-22D6E63646CC}.Debug|Win32.Build.0 = Debug|Win32
		{94DDE1E4-B409-4221-81E4-22D6E63646CC}.Final|Win32.ActiveCfg = Release|Win32
		{94DDE1E4-B409-4221-81E4-22D6E63646CC}.Final|Win32.Build.0 = Release|Win32
		{94DDE1E4-B409-4221-81E4-22D6E63646CC}.Release|Win32.ActiveCfg = Release|Win32
		{94DDE1E4-B409-4221-81E4-22D6E63646CC}.Release|Win32.Build.0 = Release|Win32
	EndGlobalSection
	GlobalSection(SolutionProperties) = preSolution
		HideSolutionNode = FALSE
	EndGlobalSection
EndGlobal
