
Microsoft Visual Studio Solution File, Format Version 10.00
# Visual C++ Express 2008
Project("{8BC9CEB8-8B4A-11D0-8D11-00A0C91BC942}") = "GLToy", "GLToy\GLToy.vcproj", "{D102268C-2C78-4954-99A9-433EF8F9182F}"
EndProject
Project("{8BC9CEB8-8B4A-11D0-8D11-00A0C91BC942}") = "TestCube", "TestCube\TestCube.vcproj", "{874C417E-0551-4F04-BAF7-451989BA5FB5}"
	ProjectSection(ProjectDependencies) = postProject
		{D102268C-2C78-4954-99A9-433EF8F9182F} = {D102268C-2C78-4954-99A9-433EF8F9182F}
	EndProjectSection
EndProject
Project("{8BC9CEB8-8B4A-11D0-8D11-00A0C91BC942}") = "Empty", "Empty\Empty.vcproj", "{451F6CAD-AF6B-479E-9321-C4DAE0F40260}"
	ProjectSection(ProjectDependencies) = postProject
		{D102268C-2C78-4954-99A9-433EF8F9182F} = {D102268C-2C78-4954-99A9-433EF8F9182F}
	EndProjectSection
EndProject
Project("{8BC9CEB8-8B4A-11D0-8D11-00A0C91BC942}") = "FSDemo", "FSDemo\FSDemo.vcproj", "{94DDE1E4-B409-4221-81E4-22D6E63646CC}"
	ProjectSection(ProjectDependencies) = postProject
		{D102268C-2C78-4954-99A9-433EF8F9182F} = {D102268C-2C78-4954-99A9-433EF8F9182F}
	EndProjectSection
EndProject
Project("{8BC9CEB8-8B4A-11D0-8D11-00A0C91BC942}") = "Editor", "Editor\Editor.vcproj", "{2CEB9D8E-2BFF-442D-B29C-0D8DB36D958A}"
	ProjectSection(ProjectDependencies) = postProject
		{D102268C-2C78-4954-99A9-433EF8F9182F} = {D102268C-2C78-4954-99A9-433EF8F9182F}
	EndProjectSection
EndProject
Project("{8BC9CEB8-8B4A-11D0-8D11-00A0C91BC942}") = "Physics", "Physics\Physics.vcproj", "{A75E7C31-BA9E-4903-A1F2-062A75317612}"
	ProjectSection(ProjectDependencies) = postProject
		{D102268C-2C78-4954-99A9-433EF8F9182F} = {D102268C-2C78-4954-99A9-433EF8F9182F}
	EndProjectSection
EndProject
Global
	GlobalSection(SolutionConfigurationPlatforms) = preSolution
		Debug|Win32 = Debug|Win32
		Final|Win32 = Final|Win32
		Release|Win32 = Release|Win32
	EndGlobalSection
	GlobalSection(ProjectConfigurationPlatforms) = postSolution
		{D102268C-2C78-4954-99A9-433EF8F9182F}.Debug|Win32.ActiveCfg = Debug|Win32
		{D102268C-2C78-4954-99A9-433EF8F9182F}.Debug|Win32.Build.0 = Debug|Win32
		{D102268C-2C78-4954-99A9-433EF8F9182F}.Final|Win32.ActiveCfg = Final|Win32
		{D102268C-2C78-4954-99A9-433EF8F9182F}.Final|Win32.Build.0 = Final|Win32
		{D102268C-2C78-4954-99A9-433EF8F9182F}.Release|Win32.ActiveCfg = Release|Win32
		{D102268C-2C78-4954-99A9-433EF8F9182F}.Release|Win32.Build.0 = Release|Win32
		{874C417E-0551-4F04-BAF7-451989BA5FB5}.Debug|Win32.ActiveCfg = Debug|Win32
		{874C417E-0551-4F04-BAF7-451989BA5FB5}.Debug|Win32.Build.0 = Debug|Win32
		{874C417E-0551-4F04-BAF7-451989BA5FB5}.Final|Win32.ActiveCfg = Release|Win32
		{874C417E-0551-4F04-BAF7-451989BA5FB5}.Release|Win32.ActiveCfg = Release|Win32
		{874C417E-0551-4F04-BAF7-451989BA5FB5}.Release|Win32.Build.0 = Release|Win32
		{451F6CAD-AF6B-479E-9321-C4DAE0F40260}.Debug|Win32.ActiveCfg = Debug|Win32
		{451F6CAD-AF6B-479E-9321-C4DAE0F40260}.Debug|Win32.Build.0 = Debug|Win32
		{451F6CAD-AF6B-479E-9321-C4DAE0F40260}.Final|Win32.ActiveCfg = Release|Win32
		{451F6CAD-AF6B-479E-9321-C4DAE0F40260}.Release|Win32.ActiveCfg = Release|Win32
		{451F6CAD-AF6B-479E-9321-C4DAE0F40260}.Release|Win32.Build.0 = Release|Win32
		{94DDE1E4-B409-4221-81E4-22D6E63646CC}.Debug|Win32.ActiveCfg = Debug|Win32
		{94DDE1E4-B409-4221-81E4-22D6E63646CC}.Debug|Win32.Build.0 = Debug|Win32
		{94DDE1E4-B409-4221-81E4-22D6E63646CC}.Final|Win32.ActiveCfg = Release|Win32
		{94DDE1E4-B409-4221-81E4-22D6E63646CC}.Release|Win32.ActiveCfg = Release|Win32
		{94DDE1E4-B409-4221-81E4-22D6E63646CC}.Release|Win32.Build.0 = Release|Win32
		{2CEB9D8E-2BFF-442D-B29C-0D8DB36D958A}.Debug|Win32.ActiveCfg = Debug|Win32
		{2CEB9D8E-2BFF-442D-B29C-0D8DB36D958A}.Debug|Win32.Build.0 = Debug|Win32
		{2CEB9D8E-2BFF-442D-B29C-0D8DB36D958A}.Final|Win32.ActiveCfg = Final|Win32
		{2CEB9D8E-2BFF-442D-B29C-0D8DB36D958A}.Final|Win32.Build.0 = Final|Win32
		{2CEB9D8E-2BFF-442D-B29C-0D8DB36D958A}.Release|Win32.ActiveCfg = Release|Win32
		{2CEB9D8E-2BFF-442D-B29C-0D8DB36D958A}.Release|Win32.Build.0 = Release|Win32
		{A75E7C31-BA9E-4903-A1F2-062A75317612}.Debug|Win32.ActiveCfg = Debug|Win32
		{A75E7C31-BA9E-4903-A1F2-062A75317612}.Debug|Win32.Build.0 = Debug|Win32
		{A75E7C31-BA9E-4903-A1F2-062A75317612}.Final|Win32.ActiveCfg = Final|Win32
		{A75E7C31-BA9E-4903-A1F2-062A75317612}.Final|Win32.Build.0 = Final|Win32
		{A75E7C31-BA9E-4903-A1F2-062A75317612}.Release|Win32.ActiveCfg = Release|Win32
		{A75E7C31-BA9E-4903-A1F2-062A75317612}.Release|Win32.Build.0 = Release|Win32
	EndGlobalSection
	GlobalSection(SolutionProperties) = preSolution
		HideSolutionNode = FALSE
	EndGlobalSection
EndGlobal
