<?xml version="1.0" encoding="utf-8"?>
<Project ToolsVersion="4.0" xmlns="http://schemas.microsoft.com/developer/msbuild/2003">
  <ItemGroup>
    <Filter Include="Win32">
      <UniqueIdentifier>{7d003825-1543-49ff-998c-a618455210d0}</UniqueIdentifier>
    </Filter>
    <Filter Include="Win32\Core">
      <UniqueIdentifier>{ec07c50f-eb05-41ae-952e-0daf175fc9f8}</UniqueIdentifier>
    </Filter>
    <Filter Include="Independent">
      <UniqueIdentifier>{e9e5cbcf-5fbd-4e22-81f5-635ce6ac2cbe}</UniqueIdentifier>
    </Filter>
    <Filter Include="Independent\Render">
      <UniqueIdentifier>{d7444fd6-6393-42bf-9080-a13abe46c8e5}</UniqueIdentifier>
    </Filter>
    <Filter Include="Independent\Core">
      <UniqueIdentifier>{b39ff5a7-c4e3-4deb-9017-d2aa938118bf}</UniqueIdentifier>
    </Filter>
    <Filter Include="Independent\Demo">
      <UniqueIdentifier>{9fd4d354-920b-4fbc-b76f-bf0e6a515b44}</UniqueIdentifier>
    </Filter>
    <Filter Include="Independent\Render\SuperScope">
      <UniqueIdentifier>{09906367-8f0c-41fb-acfa-f74e41c6cefc}</UniqueIdentifier>
    </Filter>
    <Filter Include="Independent\Render\Texer">
      <UniqueIdentifier>{00dbfb8d-0e3d-45c1-92a0-0444f7fccfa4}</UniqueIdentifier>
    </Filter>
    <Filter Include="Independent\Render\Trans">
      <UniqueIdentifier>{f621f016-3a76-4f25-a299-3b43210a7f4d}</UniqueIdentifier>
    </Filter>
    <Filter Include="Shaders">
      <UniqueIdentifier>{f1cb7b6e-bc73-43cc-8025-158633a35c28}</UniqueIdentifier>
    </Filter>
    <Filter Include="Independent\Render\Text">
      <UniqueIdentifier>{034f95a1-9e27-46f5-9a79-e47d87840dd6}</UniqueIdentifier>
    </Filter>
  </ItemGroup>
  <ItemGroup>
    <ClCompile Include="Win32\Core\Platform_JD1.cpp">
      <Filter>Win32\Core</Filter>
    </ClCompile>
    <ClCompile Include="Independent\Render\JD1_Render.cpp">
      <Filter>Independent\Render</Filter>
    </ClCompile>
    <ClCompile Include="Independent\Render\Project_GLToy_Render.cpp">
      <Filter>Independent\Render</Filter>
    </ClCompile>
    <ClCompile Include="Independent\Core\JD1.cpp">
      <Filter>Independent\Core</Filter>
    </ClCompile>
    <ClCompile Include="Independent\Core\Project_GLToy.cpp">
      <Filter>Independent\Core</Filter>
    </ClCompile>
    <ClCompile Include="Independent\Demo\JD1_Demo_System.cpp">
      <Filter>Independent\Demo</Filter>
    </ClCompile>
    <ClCompile Include="Independent\Demo\JD1_DemoScene.cpp">
      <Filter>Independent\Demo</Filter>
    </ClCompile>
    <ClCompile Include="Independent\Render\SuperScope\JD1_SuperScope.cpp">
      <Filter>Independent\Render\SuperScope</Filter>
    </ClCompile>
    <ClCompile Include="Independent\Render\Texer\JD1_Texer.cpp">
      <Filter>Independent\Render\Texer</Filter>
    </ClCompile>
    <ClCompile Include="Independent\Demo\JD1_DemoScene_AVS.cpp">
      <Filter>Independent\Demo</Filter>
    </ClCompile>
    <ClCompile Include="Independent\Render\Trans\JD1_Trans_Fadeout.cpp">
      <Filter>Independent\Render\Trans</Filter>
    </ClCompile>
    <ClCompile Include="Independent\Demo\JD1_DemoScene_Chmutov.cpp">
      <Filter>Independent\Demo</Filter>
    </ClCompile>
    <ClCompile Include="Independent\Render\Texer\JD1_Texer_P9_Birth.cpp">
      <Filter>Independent\Render\Texer</Filter>
    </ClCompile>
    <ClCompile Include="Independent\Render\JD1_Component.cpp">
      <Filter>Independent\Render</Filter>
    </ClCompile>
    <ClCompile Include="Independent\Render\Text\JD1_Render_Text.cpp">
      <Filter>Independent\Render\Text</Filter>
    </ClCompile>
    <ClCompile Include="Independent\Demo\JD1_DemoScene_NoiseTest.cpp">
      <Filter>Independent\Demo</Filter>
    </ClCompile>
  </ItemGroup>
  <ItemGroup>
    <ClInclude Include="Win32\Core\Platform_JD1.h">
      <Filter>Win32\Core</Filter>
    </ClInclude>
    <ClInclude Include="Independent\Render\JD1_Render.h">
      <Filter>Independent\Render</Filter>
    </ClInclude>
    <ClInclude Include="Independent\Core\JD1.h">
      <Filter>Independent\Core</Filter>
    </ClInclude>
    <ClInclude Include="Independent\Demo\JD1_Demo_System.h">
      <Filter>Independent\Demo</Filter>
    </ClInclude>
    <ClInclude Include="Independent\Demo\JD1_DemoScene.h">
      <Filter>Independent\Demo</Filter>
    </ClInclude>
    <ClInclude Include="Independent\Render\SuperScope\JD1_SuperScope.h">
      <Filter>Independent\Render\SuperScope</Filter>
    </ClInclude>
    <ClInclude Include="Independent\Render\Texer\JD1_Texer.h">
      <Filter>Independent\Render\Texer</Filter>
    </ClInclude>
    <ClInclude Include="Independent\Demo\JD1_DemoScene_AVS.h">
      <Filter>Independent\Demo</Filter>
    </ClInclude>
    <ClInclude Include="Independent\Render\Trans\JD1_Trans.h">
      <Filter>Independent\Render\Trans</Filter>
    </ClInclude>
    <ClInclude Include="Independent\Render\Trans\JD1_Trans_Fadeout.h">
      <Filter>Independent\Render\Trans</Filter>
    </ClInclude>
    <ClInclude Include="Independent\Demo\JD1_DemoScene_Chmutov.h">
      <Filter>Independent\Demo</Filter>
    </ClInclude>
    <ClInclude Include="Independent\Demo\JD1_DemoScene_P9_Birth.h">
      <Filter>Independent\Demo</Filter>
    </ClInclude>
    <ClInclude Include="Independent\Render\Texer\JD1_Texer_P9_Birth.h">
      <Filter>Independent\Render\Texer</Filter>
    </ClInclude>
    <ClInclude Include="Independent\Render\JD1_Component.h">
      <Filter>Independent\Render</Filter>
    </ClInclude>
    <ClInclude Include="Independent\Render\Text\JD1_Render_Text.h">
      <Filter>Independent\Render\Text</Filter>
    </ClInclude>
    <ClInclude Include="Independent\Demo\JD1_DemoScene_NoiseTest.h">
      <Filter>Independent\Demo</Filter>
    </ClInclude>
  </ItemGroup>
  <ItemGroup>
    <None Include="..\Data\Shaders\JD1_Raytrace_Chmutov.fs">
      <Filter>Shaders</Filter>
    </None>
    <None Include="..\Data\Shaders\JD1_Raytrace_Chmutov.shader">
      <Filter>Shaders</Filter>
    </None>
    <None Include="..\Data\Shaders\JD1_Raytrace_NoiseTest.fs">
      <Filter>Shaders</Filter>
    </None>
    <None Include="..\Data\Shaders\JD1_Raytrace_NoiseTest.shader">
      <Filter>Shaders</Filter>
    </None>
  </ItemGroup>
</Project>