<?xml version="1.0" encoding="utf-8"?>
<Project ToolsVersion="4.0" xmlns="http://schemas.microsoft.com/developer/msbuild/2003">
  <ItemGroup>
    <Filter Include="Win32">
      <UniqueIdentifier>{7d003825-1543-49ff-998c-a618455210d0}</UniqueIdentifier>
    </Filter>
    <Filter Include="Win32\Core">
      <UniqueIdentifier>{ec07c50f-eb05-41ae-952e-0daf175fc9f8}</UniqueIdentifier>
    </Filter>
    <Filter Include="Independent">
      <UniqueIdentifier>{e9e5cbcf-5fbd-4e22-81f5-635ce6ac2cbe}</UniqueIdentifier>
    </Filter>
    <Filter Include="Independent\Render">
      <UniqueIdentifier>{d7444fd6-6393-42bf-9080-a13abe46c8e5}</UniqueIdentifier>
    </Filter>
    <Filter Include="Independent\Core">
      <UniqueIdentifier>{b39ff5a7-c4e3-4deb-9017-d2aa938118bf}</UniqueIdentifier>
    </Filter>
    <Filter Include="Independent\Demo">
      <UniqueIdentifier>{9fd4d354-920b-4fbc-b76f-bf0e6a515b44}</UniqueIdentifier>
    </Filter>
    <Filter Include="Independent\Sound">
      <UniqueIdentifier>{8da73d21-08a4-4df6-8f68-5b244ad4023b}</UniqueIdentifier>
    </Filter>
    <Filter Include="Win32\Sound">
      <UniqueIdentifier>{8e7963c8-eb6b-4fea-8b7f-838f785391f9}</UniqueIdentifier>
    </Filter>
    <Filter Include="Independent\File">
      <UniqueIdentifier>{08e22cb4-6193-44e4-b7ca-0b5fef8ae606}</UniqueIdentifier>
    </Filter>
    <Filter Include="Win32\File">
      <UniqueIdentifier>{a4013387-3f25-485e-8368-565d796d39dc}</UniqueIdentifier>
    </Filter>
    <Filter Include="Independent\Render\SuperScope">
      <UniqueIdentifier>{09906367-8f0c-41fb-acfa-f74e41c6cefc}</UniqueIdentifier>
    </Filter>
    <Filter Include="Independent\Render\Texer">
      <UniqueIdentifier>{00dbfb8d-0e3d-45c1-92a0-0444f7fccfa4}</UniqueIdentifier>
    </Filter>
    <Filter Include="Independent\Render\Trans">
      <UniqueIdentifier>{f621f016-3a76-4f25-a299-3b43210a7f4d}</UniqueIdentifier>
    </Filter>
    <Filter Include="Shaders">
      <UniqueIdentifier>{f1cb7b6e-bc73-43cc-8025-158633a35c28}</UniqueIdentifier>
    </Filter>
  </ItemGroup>
  <ItemGroup>
    <ClCompile Include="Win32\Core\Platform_JD1.cpp">
      <Filter>Win32\Core</Filter>
    </ClCompile>
    <ClCompile Include="Independent\Render\JD1_Render.cpp">
      <Filter>Independent\Render</Filter>
    </ClCompile>
    <ClCompile Include="Independent\Render\Project_GLToy_Render.cpp">
      <Filter>Independent\Render</Filter>
    </ClCompile>
    <ClCompile Include="Independent\Core\JD1.cpp">
      <Filter>Independent\Core</Filter>
    </ClCompile>
    <ClCompile Include="Independent\Core\Project_GLToy.cpp">
      <Filter>Independent\Core</Filter>
    </ClCompile>
    <ClCompile Include="Win32\Sound\Platform_JD1_Sound_System.cpp">
      <Filter>Win32\Sound</Filter>
    </ClCompile>
    <ClCompile Include="Independent\Sound\JD1_Sound_System.cpp">
      <Filter>Independent\Sound</Filter>
    </ClCompile>
    <ClCompile Include="Independent\Demo\JD1_Demo_System.cpp">
      <Filter>Independent\Demo</Filter>
    </ClCompile>
    <ClCompile Include="Independent\File\JD1_WaveFile.cpp">
      <Filter>Independent\File</Filter>
    </ClCompile>
    <ClCompile Include="Win32\File\Platform_JD1_WaveFile.cpp">
      <Filter>Win32\File</Filter>
    </ClCompile>
    <ClCompile Include="Independent\Sound\JD1_Sound.cpp">
      <Filter>Independent\Sound</Filter>
    </ClCompile>
    <ClCompile Include="Independent\Demo\JD1_DemoScene_Test.cpp">
      <Filter>Independent\Demo</Filter>
    </ClCompile>
    <ClCompile Include="Independent\Demo\JD1_DemoScene_Tunnel.cpp">
      <Filter>Independent\Demo</Filter>
    </ClCompile>
    <ClCompile Include="Independent\Demo\JD1_DemoScene.cpp">
      <Filter>Independent\Demo</Filter>
    </ClCompile>
    <ClCompile Include="Independent\Render\SuperScope\JD1_SuperScope.cpp">
      <Filter>Independent\Render\SuperScope</Filter>
    </ClCompile>
    <ClCompile Include="Independent\Render\SuperScope\JD1_SuperScope_Test.cpp">
      <Filter>Independent\Render\SuperScope</Filter>
    </ClCompile>
    <ClCompile Include="Independent\Render\SuperScope\JD1_SuperScope_Dragon.cpp">
      <Filter>Independent\Render\SuperScope</Filter>
    </ClCompile>
    <ClCompile Include="Independent\Render\SuperScope\JD1_SuperScope_Morph.cpp">
      <Filter>Independent\Render\SuperScope</Filter>
    </ClCompile>
    <ClCompile Include="Independent\Render\Texer\JD1_Texer.cpp">
      <Filter>Independent\Render\Texer</Filter>
    </ClCompile>
    <ClCompile Include="Independent\Demo\JD1_DemoScene_AVS.cpp">
      <Filter>Independent\Demo</Filter>
    </ClCompile>
    <ClCompile Include="Independent\Render\Texer\JD1_Texer_SimpleComplexity.cpp">
      <Filter>Independent\Render\Texer</Filter>
    </ClCompile>
    <ClCompile Include="Independent\Render\Trans\JD1_Trans_Fadeout.cpp">
      <Filter>Independent\Render\Trans</Filter>
    </ClCompile>
    <ClCompile Include="Independent\Render\Trans\JD1_Trans_BlitterFeedback.cpp">
      <Filter>Independent\Render\Trans</Filter>
    </ClCompile>
    <ClCompile Include="Independent\Render\Trans\JD1_Trans_Shader.cpp">
      <Filter>Independent\Render\Trans</Filter>
    </ClCompile>
    <ClCompile Include="Independent\Render\Trans\JD1_Trans_Flow.cpp">
      <Filter>Independent\Render\Trans</Filter>
    </ClCompile>
    <ClCompile Include="Independent\Demo\JD1_DemoScene_Intro.cpp">
      <Filter>Independent\Demo</Filter>
    </ClCompile>
    <ClCompile Include="Independent\Demo\JD1_DemoScene_AVS_Test.cpp">
      <Filter>Independent\Demo</Filter>
    </ClCompile>
    <ClCompile Include="Independent\Demo\JD1_DemoScene_Chmutov.cpp">
      <Filter>Independent\Demo</Filter>
    </ClCompile>
    <ClCompile Include="Independent\Demo\JD1_DemoScene_Dragon.cpp">
      <Filter>Independent\Demo</Filter>
    </ClCompile>
    <ClCompile Include="Independent\Demo\JD1_DemoScene_MovingParticles.cpp">
      <Filter>Independent\Demo</Filter>
    </ClCompile>
    <ClCompile Include="Independent\Demo\JD1_DemoScene_TexerFlow.cpp">
      <Filter>Independent\Demo</Filter>
    </ClCompile>
    <ClCompile Include="Independent\Render\Texer\JD1_Texer_MovingParticles.cpp">
      <Filter>Independent\Render\Texer</Filter>
    </ClCompile>
    <ClCompile Include="Independent\Render\Texer\JD1_Texer_P9_Birth.cpp">
      <Filter>Independent\Render\Texer</Filter>
    </ClCompile>
  </ItemGroup>
  <ItemGroup>
    <ClInclude Include="Win32\Core\Platform_JD1.h">
      <Filter>Win32\Core</Filter>
    </ClInclude>
    <ClInclude Include="Independent\Render\JD1_Render.h">
      <Filter>Independent\Render</Filter>
    </ClInclude>
    <ClInclude Include="Independent\Core\JD1.h">
      <Filter>Independent\Core</Filter>
    </ClInclude>
    <ClInclude Include="Win32\Sound\Platform_JD1_Sound_System.h">
      <Filter>Win32\Sound</Filter>
    </ClInclude>
    <ClInclude Include="Independent\Sound\JD1_Sound_System.h">
      <Filter>Independent\Sound</Filter>
    </ClInclude>
    <ClInclude Include="Independent\Demo\JD1_Demo_System.h">
      <Filter>Independent\Demo</Filter>
    </ClInclude>
    <ClInclude Include="Independent\File\JD1_SoundFile.h">
      <Filter>Independent\File</Filter>
    </ClInclude>
    <ClInclude Include="Independent\Sound\JD1_Sound.h">
      <Filter>Independent\Sound</Filter>
    </ClInclude>
    <ClInclude Include="Independent\File\JD1_WaveFile.h">
      <Filter>Independent\File</Filter>
    </ClInclude>
    <ClInclude Include="Independent\Sound\JD1_Sound_Source.h">
      <Filter>Independent\Sound</Filter>
    </ClInclude>
    <ClInclude Include="Independent\Demo\JD1_DemoScene.h">
      <Filter>Independent\Demo</Filter>
    </ClInclude>
    <ClInclude Include="Independent\Demo\JD1_DemoScene_Test.h">
      <Filter>Independent\Demo</Filter>
    </ClInclude>
    <ClInclude Include="Independent\Demo\JD1_DemoScene_Tunnel.h">
      <Filter>Independent\Demo</Filter>
    </ClInclude>
    <ClInclude Include="Independent\Render\SuperScope\JD1_SuperScope.h">
      <Filter>Independent\Render\SuperScope</Filter>
    </ClInclude>
    <ClInclude Include="Independent\Render\Texer\JD1_Texer.h">
      <Filter>Independent\Render\Texer</Filter>
    </ClInclude>
    <ClInclude Include="Independent\Render\SuperScope\JD1_SuperScope_Test.h">
      <Filter>Independent\Render\SuperScope</Filter>
    </ClInclude>
    <ClInclude Include="Independent\Demo\JD1_DemoScene_AVS.h">
      <Filter>Independent\Demo</Filter>
    </ClInclude>
    <ClInclude Include="Independent\Demo\JD1_DemoScene_AVS_Test.h">
      <Filter>Independent\Demo</Filter>
    </ClInclude>
    <ClInclude Include="Independent\Render\SuperScope\JD1_SuperScope_Dragon.h">
      <Filter>Independent\Render\SuperScope</Filter>
    </ClInclude>
    <ClInclude Include="Independent\Render\SuperScope\JD1_SuperScope_Morph.h">
      <Filter>Independent\Render\SuperScope</Filter>
    </ClInclude>
    <ClInclude Include="Independent\Render\Trans\JD1_Trans.h">
      <Filter>Independent\Render\Trans</Filter>
    </ClInclude>
    <ClInclude Include="Independent\Render\Texer\JD1_Texer_SimpleComplexity.h">
      <Filter>Independent\Render\Texer</Filter>
    </ClInclude>
    <ClInclude Include="Independent\Render\Trans\JD1_Trans_Fadeout.h">
      <Filter>Independent\Render\Trans</Filter>
    </ClInclude>
    <ClInclude Include="Independent\Render\Trans\JD1_Trans_BlitterFeedback.h">
      <Filter>Independent\Render\Trans</Filter>
    </ClInclude>
    <ClInclude Include="Independent\Render\Trans\JD1_Trans_Shader.h">
      <Filter>Independent\Render\Trans</Filter>
    </ClInclude>
    <ClInclude Include="Independent\Render\Trans\JD1_Trans_Blur.h">
      <Filter>Independent\Render\Trans</Filter>
    </ClInclude>
    <ClInclude Include="Independent\Render\Trans\JD1_Trans_Flow.h">
      <Filter>Independent\Render\Trans</Filter>
    </ClInclude>
    <ClInclude Include="Independent\Demo\JD1_DemoScene_Intro.h">
      <Filter>Independent\Demo</Filter>
    </ClInclude>
    <ClInclude Include="Independent\Demo\JD1_DemoScene_TexerFlow.h">
      <Filter>Independent\Demo</Filter>
    </ClInclude>
    <ClInclude Include="Independent\Demo\JD1_DemoScene_Chmutov.h">
      <Filter>Independent\Demo</Filter>
    </ClInclude>
    <ClInclude Include="Independent\Demo\JD1_DemoScene_Dragon.h">
      <Filter>Independent\Demo</Filter>
    </ClInclude>
    <ClInclude Include="Independent\Demo\JD1_DemoScene_MovingParticles.h">
      <Filter>Independent\Demo</Filter>
    </ClInclude>
    <ClInclude Include="Independent\Render\Texer\JD1_Texer_MovingParticles.h">
      <Filter>Independent\Render\Texer</Filter>
    </ClInclude>
    <ClInclude Include="Independent\Demo\JD1_DemoScene_P9_Birth.h">
      <Filter>Independent\Demo</Filter>
    </ClInclude>
    <ClInclude Include="Independent\Render\Texer\JD1_Texer_P9_Birth.h">
      <Filter>Independent\Render\Texer</Filter>
    </ClInclude>
  </ItemGroup>
  <ItemGroup>
    <None Include="..\Data\Shaders\JD1_Raytrace_Tunnel.fs">
      <Filter>Shaders</Filter>
    </None>
    <None Include="..\Data\Shaders\JD1_Raytrace_Tunnel.shader">
      <Filter>Shaders</Filter>
    </None>
    <None Include="..\Data\Shaders\JD1_Trans_Flow.fs">
      <Filter>Shaders</Filter>
    </None>
    <None Include="..\Data\Shaders\JD1_Trans_Flow.shader">
      <Filter>Shaders</Filter>
    </None>
    <None Include="..\Data\Shaders\JD1_Trans_Blur.fs">
      <Filter>Shaders</Filter>
    </None>
    <None Include="..\Data\Shaders\JD1_Trans_Blur.shader">
      <Filter>Shaders</Filter>
    </None>
  </ItemGroup>
</Project>