<?xml version="1.0" encoding="utf-8"?>
<Project ToolsVersion="4.0" xmlns="http://schemas.microsoft.com/developer/msbuild/2003">
  <ItemGroup>
    <Filter Include="Win32">
      <UniqueIdentifier>{7d003825-1543-49ff-998c-a618455210d0}</UniqueIdentifier>
    </Filter>
    <Filter Include="Win32\Core">
      <UniqueIdentifier>{ec07c50f-eb05-41ae-952e-0daf175fc9f8}</UniqueIdentifier>
    </Filter>
    <Filter Include="Independent">
      <UniqueIdentifier>{e9e5cbcf-5fbd-4e22-81f5-635ce6ac2cbe}</UniqueIdentifier>
    </Filter>
    <Filter Include="Independent\Render">
      <UniqueIdentifier>{d7444fd6-6393-42bf-9080-a13abe46c8e5}</UniqueIdentifier>
    </Filter>
    <Filter Include="Independent\Core">
      <UniqueIdentifier>{b39ff5a7-c4e3-4deb-9017-d2aa938118bf}</UniqueIdentifier>
    </Filter>
    <Filter Include="X11">
      <UniqueIdentifier>{dd43e2b0-827d-4d8b-8630-38e247e6b5ed}</UniqueIdentifier>
    </Filter>
    <Filter Include="X11\Core">
      <UniqueIdentifier>{64029202-2c16-4f22-a44a-b8f57c2154c8}</UniqueIdentifier>
    </Filter>
    <Filter Include="Independent\Core\State">
      <UniqueIdentifier>{4aad544f-c2c1-4e9c-82c3-5abbbdb4aaa4}</UniqueIdentifier>
    </Filter>
    <Filter Include="Independent\Entity">
      <UniqueIdentifier>{752c3ef8-988e-4f75-815a-c88550cd31f9}</UniqueIdentifier>
    </Filter>
    <Filter Include="Independent\Entity\Player">
      <UniqueIdentifier>{8a24a3a5-ba9b-4368-bbc8-e292a8c0700a}</UniqueIdentifier>
    </Filter>
    <Filter Include="Independent\Entity\Enemy">
      <UniqueIdentifier>{4a29c318-c22e-4c51-9656-d6bcb61f4621}</UniqueIdentifier>
    </Filter>
    <Filter Include="Independent\Entity\Projectile">
      <UniqueIdentifier>{fbc5d0ab-aa0e-44ec-a642-73af41092302}</UniqueIdentifier>
    </Filter>
    <Filter Include="Independent\Entity\Collectible">
      <UniqueIdentifier>{a0447cdc-fa58-46c5-acda-605014558636}</UniqueIdentifier>
    </Filter>
    <Filter Include="Independent\Equipment">
      <UniqueIdentifier>{7a4e6e9e-4dcf-442d-9348-de9100eb7726}</UniqueIdentifier>
    </Filter>
    <Filter Include="Independent\AI">
      <UniqueIdentifier>{a139aeab-0981-471d-a47c-ddb91597d70f}</UniqueIdentifier>
    </Filter>
    <Filter Include="Independent\Sound">
      <UniqueIdentifier>{a3432f4d-b7bb-431b-881e-85ce06a74e3b}</UniqueIdentifier>
    </Filter>
  </ItemGroup>
  <ItemGroup>
    <ClCompile Include="Win32\Core\Platform_X.cpp">
      <Filter>Win32\Core</Filter>
    </ClCompile>
    <ClCompile Include="Independent\Render\X_Render.cpp">
      <Filter>Independent\Render</Filter>
    </ClCompile>
    <ClCompile Include="Independent\Render\Project_GLToy_Render.cpp">
      <Filter>Independent\Render</Filter>
    </ClCompile>
    <ClCompile Include="Independent\Core\X.cpp">
      <Filter>Independent\Core</Filter>
    </ClCompile>
    <ClCompile Include="Independent\Core\Project_GLToy.cpp">
      <Filter>Independent\Core</Filter>
    </ClCompile>
    <ClCompile Include="X11\Core\Platform_X.cpp">
      <Filter>X11\Core</Filter>
    </ClCompile>
    <ClCompile Include="Independent\Core\State\X_State_Game.cpp">
      <Filter>Independent\Core\State</Filter>
    </ClCompile>
    <ClCompile Include="Independent\Entity\X_EntityTypes.cpp">
      <Filter>Independent\Entity</Filter>
    </ClCompile>
    <ClCompile Include="Independent\Entity\Player\X_Entity_Player.cpp">
      <Filter>Independent\Entity\Player</Filter>
    </ClCompile>
    <ClCompile Include="Independent\Entity\Enemy\X_Entity_Enemy.cpp">
      <Filter>Independent\Entity\Enemy</Filter>
    </ClCompile>
    <ClCompile Include="Independent\Core\State\X_State_GameOver.cpp">
      <Filter>Independent\Core\State</Filter>
    </ClCompile>
    <ClCompile Include="Independent\Core\State\X_State_MainMenu.cpp">
      <Filter>Independent\Core\State</Filter>
    </ClCompile>
    <ClCompile Include="Independent\Entity\Projectile\X_Entity_Projectile.cpp">
      <Filter>Independent\Entity\Projectile</Filter>
    </ClCompile>
    <ClCompile Include="Independent\Entity\Collectible\X_Entity_Collectible.cpp">
      <Filter>Independent\Entity\Collectible</Filter>
    </ClCompile>
    <ClCompile Include="Independent\Equipment\X_Equipment_Weapon.cpp">
      <Filter>Independent\Equipment</Filter>
    </ClCompile>
    <ClCompile Include="Independent\Core\X_Cheats.cpp">
      <Filter>Independent\Core</Filter>
    </ClCompile>
    <ClCompile Include="Independent\AI\X_Enemy_Brain.cpp">
      <Filter>Independent\AI</Filter>
    </ClCompile>
    <ClCompile Include="Independent\AI\X_Enemy_Brain_Types.cpp">
      <Filter>Independent\AI</Filter>
    </ClCompile>
    <ClCompile Include="Independent\Core\X_Spawner.cpp">
      <Filter>Independent\Core</Filter>
    </ClCompile>
    <ClCompile Include="Independent\Core\X_Spawner_Types.cpp">
      <Filter>Independent\Core</Filter>
    </ClCompile>
    <ClCompile Include="Independent\Render\X_Parallax_Background.cpp">
      <Filter>Independent\Render</Filter>
    </ClCompile>
    <ClCompile Include="Independent\Equipment\X_Weapon_Types.cpp">
      <Filter>Independent\Equipment</Filter>
    </ClCompile>
    <ClCompile Include="Independent\Render\X_Starfield.cpp">
      <Filter>Independent\Render</Filter>
    </ClCompile>
    <ClCompile Include="Independent\Core\X_Core_SCU.cpp">
      <Filter>Independent\Core</Filter>
    </ClCompile>
    <ClCompile Include="Independent\Core\X_Wave_Manager.cpp">
      <Filter>Independent\Core\State</Filter>
    </ClCompile>
    <ClCompile Include="Independent\Core\X_Score.cpp">
      <Filter>Independent\Core\State</Filter>
    </ClCompile>
    <ClCompile Include="Independent\Core\X_Effects.cpp">
      <Filter>Independent\Core</Filter>
    </ClCompile>
  </ItemGroup>
  <ItemGroup>
    <ClInclude Include="Win32\Core\Platform_X.h">
      <Filter>Win32\Core</Filter>
    </ClInclude>
    <ClInclude Include="Independent\Render\X_Render.h">
      <Filter>Independent\Render</Filter>
    </ClInclude>
    <ClInclude Include="Independent\Core\X.h">
      <Filter>Independent\Core</Filter>
    </ClInclude>
    <ClInclude Include="X11\Core\Platform_X.h">
      <Filter>X11\Core</Filter>
    </ClInclude>
    <ClInclude Include="Independent\Core\State\X_State_Game.h">
      <Filter>Independent\Core\State</Filter>
    </ClInclude>
    <ClInclude Include="Independent\Entity\X_EntityTypes.h">
      <Filter>Independent\Entity</Filter>
    </ClInclude>
    <ClInclude Include="Independent\Entity\Player\X_Entity_Player.h">
      <Filter>Independent\Entity\Player</Filter>
    </ClInclude>
    <ClInclude Include="Independent\Entity\Enemy\X_Entity_Enemy.h">
      <Filter>Independent\Entity\Enemy</Filter>
    </ClInclude>
    <ClInclude Include="Independent\Core\State\X_State_MainMenu.h">
      <Filter>Independent\Core\State</Filter>
    </ClInclude>
    <ClInclude Include="Independent\Core\State\X_State_GameOver.h">
      <Filter>Independent\Core\State</Filter>
    </ClInclude>
    <ClInclude Include="Independent\Entity\Projectile\X_Entity_Projectile.h">
      <Filter>Independent\Entity\Projectile</Filter>
    </ClInclude>
    <ClInclude Include="Independent\Entity\Collectible\X_Entity_Collectible.h">
      <Filter>Independent\Entity\Collectible</Filter>
    </ClInclude>
    <ClInclude Include="Independent\Equipment\X_Equipment_Weapon.h">
      <Filter>Independent\Equipment</Filter>
    </ClInclude>
    <ClInclude Include="Independent\Core\X_Cheats.h">
      <Filter>Independent\Core</Filter>
    </ClInclude>
    <ClInclude Include="Independent\AI\X_Enemy_Brain.h">
      <Filter>Independent\AI</Filter>
    </ClInclude>
    <ClInclude Include="Independent\AI\X_Enemy_Brain_Types.h">
      <Filter>Independent\AI</Filter>
    </ClInclude>
    <ClInclude Include="Independent\Core\X_Spawner.h">
      <Filter>Independent\Core</Filter>
    </ClInclude>
    <ClInclude Include="Independent\Core\X_Spawner_Types.h">
      <Filter>Independent\Core</Filter>
    </ClInclude>
    <ClInclude Include="Independent\Render\X_Parallax_Background.h">
      <Filter>Independent\Render</Filter>
    </ClInclude>
    <ClInclude Include="Independent\Equipment\X_Weapon_Types.h">
      <Filter>Independent\Equipment</Filter>
    </ClInclude>
    <ClInclude Include="Independent\Render\X_Starfield.h">
      <Filter>Independent\Render</Filter>
    </ClInclude>
    <ClInclude Include="Independent\Core\X_Wave_Manager.h">
      <Filter>Independent\Core\State</Filter>
    </ClInclude>
    <ClInclude Include="Independent\Core\X_Score.h">
      <Filter>Independent\Core\State</Filter>
    </ClInclude>
    <ClInclude Include="Independent\Core\X_Effects.h">
      <Filter>Independent\Core</Filter>
    </ClInclude>
    <ClInclude Include="Independent\Sound\X_Sound_System.h">
      <Filter>Independent\Sound</Filter>
    </ClInclude>
  </ItemGroup>
</Project>