<?xml version="1.0" encoding="utf-8"?>
<Project ToolsVersion="4.0" xmlns="http://schemas.microsoft.com/developer/msbuild/2003">
  <ItemGroup>
    <Filter Include="Win32">
      <UniqueIdentifier>{7d003825-1543-49ff-998c-a618455210d0}</UniqueIdentifier>
    </Filter>
    <Filter Include="Win32\Core">
      <UniqueIdentifier>{ec07c50f-eb05-41ae-952e-0daf175fc9f8}</UniqueIdentifier>
    </Filter>
    <Filter Include="Independent">
      <UniqueIdentifier>{e9e5cbcf-5fbd-4e22-81f5-635ce6ac2cbe}</UniqueIdentifier>
    </Filter>
    <Filter Include="Independent\Render">
      <UniqueIdentifier>{d7444fd6-6393-42bf-9080-a13abe46c8e5}</UniqueIdentifier>
    </Filter>
    <Filter Include="Independent\Core">
      <UniqueIdentifier>{b39ff5a7-c4e3-4deb-9017-d2aa938118bf}</UniqueIdentifier>
    </Filter>
    <Filter Include="X11">
      <UniqueIdentifier>{dd43e2b0-827d-4d8b-8630-38e247e6b5ed}</UniqueIdentifier>
    </Filter>
    <Filter Include="X11\Core">
      <UniqueIdentifier>{64029202-2c16-4f22-a44a-b8f57c2154c8}</UniqueIdentifier>
    </Filter>
    <Filter Include="Independent\Environment">
      <UniqueIdentifier>{de0b00be-7c84-4829-8184-61f16a6406c9}</UniqueIdentifier>
    </Filter>
    <Filter Include="Independent\Entity">
      <UniqueIdentifier>{a879ccc6-5514-47fd-bf2b-7470e94332ab}</UniqueIdentifier>
    </Filter>
    <Filter Include="Independent\Entity\Robot">
      <UniqueIdentifier>{eb543673-1144-4b25-94b6-9513f04a6be6}</UniqueIdentifier>
    </Filter>
  </ItemGroup>
  <ItemGroup>
    <ClCompile Include="Win32\Core\Platform_SRC.cpp">
      <Filter>Win32\Core</Filter>
    </ClCompile>
    <ClCompile Include="Independent\Render\SRC_Render.cpp">
      <Filter>Independent\Render</Filter>
    </ClCompile>
    <ClCompile Include="Independent\Render\Project_GLToy_Render.cpp">
      <Filter>Independent\Render</Filter>
    </ClCompile>
    <ClCompile Include="Independent\Core\SRC.cpp">
      <Filter>Independent\Core</Filter>
    </ClCompile>
    <ClCompile Include="Independent\Core\Project_GLToy.cpp">
      <Filter>Independent\Core</Filter>
    </ClCompile>
    <ClCompile Include="X11\Core\Platform_SRC.cpp">
      <Filter>X11\Core</Filter>
    </ClCompile>
    <ClCompile Include="Independent\Entity\SRC_EntityTypes.cpp">
      <Filter>Independent\Entity</Filter>
    </ClCompile>
    <ClCompile Include="Independent\Entity\Robot\SRC_Entity_Robot.cpp">
      <Filter>Independent\Entity\Robot</Filter>
    </ClCompile>
    <ClCompile Include="Independent\Environment\SRC_Environment.cpp">
      <Filter>Independent\Environment</Filter>
    </ClCompile>
    <ClCompile Include="Independent\Environment\SRC_Map.cpp">
      <Filter>Independent\Environment</Filter>
    </ClCompile>
  </ItemGroup>
  <ItemGroup>
    <ClInclude Include="Win32\Core\Platform_SRC.h">
      <Filter>Win32\Core</Filter>
    </ClInclude>
    <ClInclude Include="Independent\Render\SRC_Render.h">
      <Filter>Independent\Render</Filter>
    </ClInclude>
    <ClInclude Include="Independent\Core\SRC.h">
      <Filter>Independent\Core</Filter>
    </ClInclude>
    <ClInclude Include="X11\Core\Platform_SRC.h">
      <Filter>X11\Core</Filter>
    </ClInclude>
    <ClInclude Include="Independent\Entity\SRC_EntityTypes.h">
      <Filter>Independent\Entity</Filter>
    </ClInclude>
    <ClInclude Include="Independent\Entity\Robot\SRC_Entity_Robot.h">
      <Filter>Independent\Entity\Robot</Filter>
    </ClInclude>
    <ClInclude Include="Independent\Environment\SRC_Environment.h">
      <Filter>Independent\Environment</Filter>
    </ClInclude>
    <ClInclude Include="Independent\Environment\SRC_Map.h">
      <Filter>Independent\Environment</Filter>
    </ClInclude>
  </ItemGroup>
</Project>